
Microsoft Visual Studio Solution File, Format Version 12.00
# Visual Studio Version 16
VisualStudioVersion = 16.0.30413.136
MinimumVisualStudioVersion = 10.0.40219.1
Project("{FAE04EC0-301F-11D3-BF4B-00C04F79EFBC}") = "projektas", "projektas\projektas.csproj", "{A9CFD3D7-FB83-4D15-AEE9-C4B736EEAD75}"
EndProject
Global
	GlobalSection(SolutionConfigurationPlatforms) = preSolution
		Debug|Any CPU = Debug|Any CPU
		Release|Any CPU = Release|Any CPU
	EndGlobalSection
	GlobalSection(ProjectConfigurationPlatforms) = postSolution
		{A9CFD3D7-FB83-4D15-AEE9-C4B736EEAD75}.Debug|Any CPU.ActiveCfg = Debug|Any CPU
		{A9CFD3D7-FB83-4D15-AEE9-C4B736EEAD75}.Debug|Any CPU.Build.0 = Debug|Any CPU
		{A9CFD3D7-FB83-4D15-AEE9-C4B736EEAD75}.Release|Any CPU.ActiveCfg = Release|Any CPU
		{A9CFD3D7-FB83-4D15-AEE9-C4B736EEAD75}.Release|Any CPU.Build.0 = Release|Any CPU
	EndGlobalSection
	GlobalSection(SolutionProperties) = preSolution
		HideSolutionNode = FALSE
	EndGlobalSection
	GlobalSection(ExtensibilityGlobals) = postSolution
		SolutionGuid = {E55693C6-11C3-44DA-9169-8F6C9E88CC8F}
	EndGlobalSection
EndGlobal
